
Microsoft Visual Studio Solution File, Format Version 12.00
# Visual Studio Version 16
VisualStudioVersion = 16.0.30907.101
MinimumVisualStudioVersion = 10.0.40219.1
Project("{FAE04EC0-301F-11D3-BF4B-00C04F79EFBC}") = "USAPI", "USAPI\USAPI.csproj", "{6A73A5BE-877D-41FB-AE8E-5A0C221AEBBE}"
EndProject
Project("{FAE04EC0-301F-11D3-BF4B-00C04F79EFBC}") = "usapi-handle", "usapi-handle\usapi-handle.csproj", "{6D6F0C76-DCB7-44DE-B752-FC79EF0A73F2}"
EndProject
Global
	GlobalSection(SolutionConfigurationPlatforms) = preSolution
		Debug|Any CPU = Debug|Any CPU
		Release|Any CPU = Release|Any CPU
	EndGlobalSection
	GlobalSection(ProjectConfigurationPlatforms) = postSolution
		{6A73A5BE-877D-41FB-AE8E-5A0C221AEBBE}.Debug|Any CPU.ActiveCfg = Debug|Any CPU
		{6A73A5BE-877D-41FB-AE8E-5A0C221AEBBE}.Debug|Any CPU.Build.0 = Debug|Any CPU
		{6A73A5BE-877D-41FB-AE8E-5A0C221AEBBE}.Release|Any CPU.ActiveCfg = Release|Any CPU
		{6A73A5BE-877D-41FB-AE8E-5A0C221AEBBE}.Release|Any CPU.Build.0 = Release|Any CPU
		{6D6F0C76-DCB7-44DE-B752-FC79EF0A73F2}.Debug|Any CPU.ActiveCfg = Debug|Any CPU
		{6D6F0C76-DCB7-44DE-B752-FC79EF0A73F2}.Debug|Any CPU.Build.0 = Debug|Any CPU
		{6D6F0C76-DCB7-44DE-B752-FC79EF0A73F2}.Release|Any CPU.ActiveCfg = Release|Any CPU
		{6D6F0C76-DCB7-44DE-B752-FC79EF0A73F2}.Release|Any CPU.Build.0 = Release|Any CPU
	EndGlobalSection
	GlobalSection(SolutionProperties) = preSolution
		HideSolutionNode = FALSE
	EndGlobalSection
	GlobalSection(ExtensibilityGlobals) = postSolution
		SolutionGuid = {1382FC6E-61A6-4C36-B630-3A22F748F307}
	EndGlobalSection
EndGlobal
